PODS:
  - Flutter (1.0.0)
  - vibrate (0.0.1):
    - Flutter

DEPENDENCIES:
  - Flutter (from `Flutter`)
  - vibrate (from `.symlinks/plugins/vibrate/ios`)

EXTERNAL SOURCES:
  Flutter:
    :path: Flutter
  vibrate:
    :path: ".symlinks/plugins/vibrate/ios"

SPEC CHECKSUMS:
  Flutter: 0e3d915762c693b495b44d77113d4970485de6ec
  vibrate: 967ba16b8bd87d2fa3646472bb10429f1927c32f

PODFILE CHECKSUM: aafe91acc616949ddb318b77800a7f51bffa2a4c

COCOAPODS: 1.9.3
